
Microsoft Visual Studio Solution File, Format Version 12.00
# Visual Studio Version 16
VisualStudioVersion = 16.0.31410.357
MinimumVisualStudioVersion = 10.0.40219.1
Project("{FAE04EC0-301F-11D3-BF4B-00C04F79EFBC}") = "DataProcessor", "DataProcessor\DataProcessor.csproj", "{01F4A4A5-6979-4C14-AF34-C5989DF9660A}"
EndProject
Global
	GlobalSection(SolutionConfigurationPlatforms) = preSolution
		Debug|Any CPU = Debug|Any CPU
		Release|Any CPU = Release|Any CPU
	EndGlobalSection
	GlobalSection(ProjectConfigurationPlatforms) = postSolution
		{01F4A4A5-6979-4C14-AF34-C5989DF9660A}.Debug|Any CPU.ActiveCfg = Debug|Any CPU
		{01F4A4A5-6979-4C14-AF34-C5989DF9660A}.Debug|Any CPU.Build.0 = Debug|Any CPU
		{01F4A4A5-6979-4C14-AF34-C5989DF9660A}.Release|Any CPU.ActiveCfg = Release|Any CPU
		{01F4A4A5-6979-4C14-AF34-C5989DF9660A}.Release|Any CPU.Build.0 = Release|Any CPU
	EndGlobalSection
	GlobalSection(SolutionProperties) = preSolution
		HideSolutionNode = FALSE
	EndGlobalSection
	GlobalSection(ExtensibilityGlobals) = postSolution
		SolutionGuid = {EBA09161-BA83-4951-88E0-D2D0916073C6}
	EndGlobalSection
EndGlobal
